
Microsoft Visual Studio Solution File, Format Version 12.00
# Visual Studio Version 17
VisualStudioVersion = 17.12.35309.182
MinimumVisualStudioVersion = 10.0.40219.1
Project("{FAE04EC0-301F-11D3-BF4B-00C04F79EFBC}") = "Parkeringshus", "Parkeringshus\Parkeringshus.csproj", "{7A95F5C7-8866-4F9D-BEA5-29DD60BD5333}"
EndProject
Global
	GlobalSection(SolutionConfigurationPlatforms) = preSolution
		Debug|Any CPU = Debug|Any CPU
		Release|Any CPU = Release|Any CPU
	EndGlobalSection
	GlobalSection(ProjectConfigurationPlatforms) = postSolution
		{7A95F5C7-8866-4F9D-BEA5-29DD60BD5333}.Debug|Any CPU.ActiveCfg = Debug|Any CPU
		{7A95F5C7-8866-4F9D-BEA5-29DD60BD5333}.Debug|Any CPU.Build.0 = Debug|Any CPU
		{7A95F5C7-8866-4F9D-BEA5-29DD60BD5333}.Release|Any CPU.ActiveCfg = Release|Any CPU
		{7A95F5C7-8866-4F9D-BEA5-29DD60BD5333}.Release|Any CPU.Build.0 = Release|Any CPU
	EndGlobalSection
	GlobalSection(SolutionProperties) = preSolution
		HideSolutionNode = FALSE
	EndGlobalSection
	GlobalSection(ExtensibilityGlobals) = postSolution
		SolutionGuid = {C19CA348-F14F-4C71-96EE-D941424BCB9E}
	EndGlobalSection
EndGlobal
